github.com/dfcfw/spdy v0.0.0-20230106041046-cc954ec328a7 h1:6rrlwAlI6514Gznut8aJS8h4uHnzE/Da60NMgcNOQb0=
github.com/dfcfw/spdy v0.0.0-20230106041046-cc954ec328a7/go.mod h1:qc4EPaknTX1HSiBksta5tMn/sVdd0NRIiTM1mcJTXDs=
github.com/dfcfw/spdy v0.0.0-20230106070002-86c5f420a626 h1:fLtdY2z2fVPH123j5syRtzHIRVMeeLTQNoomnt8AYvw=
github.com/dfcfw/spdy v0.0.0-20230106070002-86c5f420a626/go.mod h1:qc4EPaknTX1HSiBksta5tMn/sVdd0NRIiTM1mcJTXDs=
github.com/dfcfw/spdy v0.0.0-20230106071926-2c5b2ac4eef4 h1:01G4dV4u0bqXDkGqUHV52o6dVQEUCJdORuoM0RtqR20=
github.com/dfcfw/spdy v0.0.0-20230106071926-2c5b2ac4eef4/go.mod h1:qc4EPaknTX1HSiBksta5tMn/sVdd0NRIiTM1mcJTXDs=
